github.com/hexops/vecty v0.6.0 h1:iiHfDOLEJufGy/hfPGzOTPkZe6rCszElYmUSzRQqK1w=
github.com/hexops/vecty v0.6.0/go.mod h1:hVOPHAhrkXTf/9fl31Bpn2QvkW2ZOUZ0I3b3cohwCpI=
github.com/pkg/errors v0.9.1 h1:FEBLx1zS214owpjy7qsBeixbURkuhQAwrK5UwLGTwt4=
github.com/pkg/errors v0.9.1/go.mod h1:bwawxfHBFNV+L2hUp1rHADufV3IMtnDRdf1r5NINEl0=
